{
  "name": "e22da8fc4213ddc6",
  "lockfileVersion": 3,
  "requires": true,
  "packages": {
    "": {
      "dependencies": {
        "plugins": "^1.3.1"
      }
    },
    "node_modules/plugins": {
      "version": "1.3.1",
      "resolved": "https://registry.npmjs.org/plugins/-/plugins-1.3.1.tgz",
      "integrity": "sha512-1K+Lxvy00FRMDxtrrTmFICZEYYF2MXbNMGV7848h68K4+HFvjzf5fy0ba+H3KDPhEsKD6ntaEGG5auwak7akcQ==",
      "bin": {
        "plugins": "dist/index.js"
      },
      "engines": {
        "node": ">=18"
      }
    }
  }
}
